
Microsoft Visual Studio Solution File, Format Version 12.00
# Visual Studio Version 17
VisualStudioVersion = 17.10.34916.146
MinimumVisualStudioVersion = 10.0.40219.1
Project("{FAE04EC0-301F-11D3-BF4B-00C04F79EFBC}") = "Frontend", "Frontend\Frontend.csproj", "{FE89F832-85A0-42CD-9EFA-4851EBD3F5DA}"
EndProject
Project("{FAE04EC0-301F-11D3-BF4B-00C04F79EFBC}") = "Application", "Application\Application.csproj", "{EB7328ED-50A2-4645-A36A-70482E34524C}"
EndProject
Project("{FAE04EC0-301F-11D3-BF4B-00C04F79EFBC}") = "Data", "Data\Data.csproj", "{C0B9B1D0-DC54-4069-8B41-6C74B98E9A6B}"
EndProject
Project("{FAE04EC0-301F-11D3-BF4B-00C04F79EFBC}") = "Domain", "Domain\Domain.csproj", "{04766A85-C5AF-4AB4-8BBA-684541ECA870}"
EndProject
Global
	GlobalSection(SolutionConfigurationPlatforms) = preSolution
		Debug|Any CPU = Debug|Any CPU
		Release|Any CPU = Release|Any CPU
	EndGlobalSection
	GlobalSection(ProjectConfigurationPlatforms) = postSolution
		{FE89F832-85A0-42CD-9EFA-4851EBD3F5DA}.Debug|Any CPU.ActiveCfg = Debug|Any CPU
		{FE89F832-85A0-42CD-9EFA-4851EBD3F5DA}.Debug|Any CPU.Build.0 = Debug|Any CPU
		{FE89F832-85A0-42CD-9EFA-4851EBD3F5DA}.Release|Any CPU.ActiveCfg = Release|Any CPU
		{FE89F832-85A0-42CD-9EFA-4851EBD3F5DA}.Release|Any CPU.Build.0 = Release|Any CPU
		{EB7328ED-50A2-4645-A36A-70482E34524C}.Debug|Any CPU.ActiveCfg = Debug|Any CPU
		{EB7328ED-50A2-4645-A36A-70482E34524C}.Debug|Any CPU.Build.0 = Debug|Any CPU
		{EB7328ED-50A2-4645-A36A-70482E34524C}.Release|Any CPU.ActiveCfg = Release|Any CPU
		{EB7328ED-50A2-4645-A36A-70482E34524C}.Release|Any CPU.Build.0 = Release|Any CPU
		{C0B9B1D0-DC54-4069-8B41-6C74B98E9A6B}.Debug|Any CPU.ActiveCfg = Debug|Any CPU
		{C0B9B1D0-DC54-4069-8B41-6C74B98E9A6B}.Debug|Any CPU.Build.0 = Debug|Any CPU
		{C0B9B1D0-DC54-4069-8B41-6C74B98E9A6B}.Release|Any CPU.ActiveCfg = Release|Any CPU
		{C0B9B1D0-DC54-4069-8B41-6C74B98E9A6B}.Release|Any CPU.Build.0 = Release|Any CPU
		{04766A85-C5AF-4AB4-8BBA-684541ECA870}.Debug|Any CPU.ActiveCfg = Debug|Any CPU
		{04766A85-C5AF-4AB4-8BBA-684541ECA870}.Debug|Any CPU.Build.0 = Debug|Any CPU
		{04766A85-C5AF-4AB4-8BBA-684541ECA870}.Release|Any CPU.ActiveCfg = Release|Any CPU
		{04766A85-C5AF-4AB4-8BBA-684541ECA870}.Release|Any CPU.Build.0 = Release|Any CPU
	EndGlobalSection
	GlobalSection(SolutionProperties) = preSolution
		HideSolutionNode = FALSE
	EndGlobalSection
	GlobalSection(ExtensibilityGlobals) = postSolution
		SolutionGuid = {7B234C77-84F8-4C1E-A34E-1BF69445EDE1}
	EndGlobalSection
EndGlobal
